
Microsoft Visual Studio Solution File, Format Version 12.00
# Visual Studio Version 17
VisualStudioVersion = 17.8.34330.188
MinimumVisualStudioVersion = 10.0.40219.1
Project("{FAE04EC0-301F-11D3-BF4B-00C04F79EFBC}") = "DXPANACEASOFT", "DXPANACEASOFT\DXPANACEASOFT.csproj", "{E2CA537A-0BD0-4BB7-8AE1-187CA13BE6EE}"
EndProject
Project("{2150E333-8FDC-42A3-9474-1A3956D46DE8}") = "1. Proyectos", "1. Proyectos", "{C2BD131C-A017-41FA-9EF7-841B18C624E8}"
EndProject
Project("{2150E333-8FDC-42A3-9474-1A3956D46DE8}") = "1.1 Portal Web", "1.1 Portal Web", "{7C4CA17D-CB49-4566-9704-5888CF75D23E}"
EndProject
Project("{2150E333-8FDC-42A3-9474-1A3956D46DE8}") = "1.2 Comunes", "1.2 Comunes", "{C8D88C7B-724B-4CFA-8748-D2CE73951202}"
EndProject
Project("{2150E333-8FDC-42A3-9474-1A3956D46DE8}") = "2. Recursos", "2. Recursos", "{ABA8849D-675E-4B50-8414-77B4B7745DA8}"
EndProject
Project("{2150E333-8FDC-42A3-9474-1A3956D46DE8}") = "ClavesFirma", "ClavesFirma", "{1E80978C-EC5F-4E25-9E9E-C7E1031F6FF2}"
	ProjectSection(SolutionItems) = preProject
		..\COMPILACION\ClavesFirma\Panaceasoft.Produccion.Utils.snk = ..\COMPILACION\ClavesFirma\Panaceasoft.Produccion.Utils.snk
		..\COMPILACION\ClavesFirma\Panaceasoft.Produccion.Web.snk = ..\COMPILACION\ClavesFirma\Panaceasoft.Produccion.Web.snk
	EndProjectSection
EndProject
Project("{2150E333-8FDC-42A3-9474-1A3956D46DE8}") = "Versionamiento", "Versionamiento", "{60332FF6-8ECA-4F89-8513-35716596A815}"
	ProjectSection(SolutionItems) = preProject
		..\COMPILACION\Versionamiento\AssemblyVersion.cs = ..\COMPILACION\Versionamiento\AssemblyVersion.cs
	EndProjectSection
EndProject
Project("{FAE04EC0-301F-11D3-BF4B-00C04F79EFBC}") = "AccesoDatos", "..\COMUNES\AccesoDatos\AccesoDatos.csproj", "{1C8B606C-A685-4438-A601-EFA2D577D73F}"
EndProject
Project("{FAE04EC0-301F-11D3-BF4B-00C04F79EFBC}") = "EntidadesAuxiliares", "..\COMUNES\EntidadesAuxiliares\EntidadesAuxiliares.csproj", "{2E10111C-C21A-4B75-B0E0-4DC00E4C8507}"
EndProject
Project("{FAE04EC0-301F-11D3-BF4B-00C04F79EFBC}") = "Utilitarios", "..\COMUNES\Utilitarios\Utilitarios.csproj", "{2D3066DC-77A6-420E-B9DD-A0E3CA1809F5}"
EndProject
Project("{FAE04EC0-301F-11D3-BF4B-00C04F79EFBC}") = "ConsultaReporte", "DxReportes\ConsultaReporte\ConsultaReporte.csproj", "{74D0ED38-61C6-4E2E-8A4F-D8DA540768B6}"
EndProject
Project("{FAE04EC0-301F-11D3-BF4B-00C04F79EFBC}") = "BibliotecaReporte", "DxReportes\BibliotecaReporte\BibliotecaReporte.csproj", "{8AC866F8-E6F3-421A-A64D-B6883788702E}"
EndProject
Project("{2150E333-8FDC-42A3-9474-1A3956D46DE8}") = "1.3 Worker", "1.3 Worker", "{D177216A-1686-43AA-90C6-97DCC0382F25}"
EndProject
Project("{9A19103F-16F7-4668-BE54-9A1E7A4F7556}") = "DXPANACEASOFT.WORKERS", "DXPANACEASOFT.WORKERS\DXPANACEASOFT.WORKERS.csproj", "{2176925F-9D83-4C21-AAB2-6A30B2A485AB}"
EndProject
Global
	GlobalSection(SolutionConfigurationPlatforms) = preSolution
		Debug|Any CPU = Debug|Any CPU
		Release|Any CPU = Release|Any CPU
	EndGlobalSection
	GlobalSection(ProjectConfigurationPlatforms) = postSolution
		{E2CA537A-0BD0-4BB7-8AE1-187CA13BE6EE}.Debug|Any CPU.ActiveCfg = Debug|Any CPU
		{E2CA537A-0BD0-4BB7-8AE1-187CA13BE6EE}.Debug|Any CPU.Build.0 = Debug|Any CPU
		{E2CA537A-0BD0-4BB7-8AE1-187CA13BE6EE}.Release|Any CPU.ActiveCfg = Release|Any CPU
		{E2CA537A-0BD0-4BB7-8AE1-187CA13BE6EE}.Release|Any CPU.Build.0 = Release|Any CPU
		{1C8B606C-A685-4438-A601-EFA2D577D73F}.Debug|Any CPU.ActiveCfg = Debug|Any CPU
		{1C8B606C-A685-4438-A601-EFA2D577D73F}.Debug|Any CPU.Build.0 = Debug|Any CPU
		{1C8B606C-A685-4438-A601-EFA2D577D73F}.Release|Any CPU.ActiveCfg = Release|Any CPU
		{1C8B606C-A685-4438-A601-EFA2D577D73F}.Release|Any CPU.Build.0 = Release|Any CPU
		{2E10111C-C21A-4B75-B0E0-4DC00E4C8507}.Debug|Any CPU.ActiveCfg = Debug|Any CPU
		{2E10111C-C21A-4B75-B0E0-4DC00E4C8507}.Debug|Any CPU.Build.0 = Debug|Any CPU
		{2E10111C-C21A-4B75-B0E0-4DC00E4C8507}.Release|Any CPU.ActiveCfg = Release|Any CPU
		{2E10111C-C21A-4B75-B0E0-4DC00E4C8507}.Release|Any CPU.Build.0 = Release|Any CPU
		{2D3066DC-77A6-420E-B9DD-A0E3CA1809F5}.Debug|Any CPU.ActiveCfg = Debug|Any CPU
		{2D3066DC-77A6-420E-B9DD-A0E3CA1809F5}.Debug|Any CPU.Build.0 = Debug|Any CPU
		{2D3066DC-77A6-420E-B9DD-A0E3CA1809F5}.Release|Any CPU.ActiveCfg = Release|Any CPU
		{2D3066DC-77A6-420E-B9DD-A0E3CA1809F5}.Release|Any CPU.Build.0 = Release|Any CPU
		{74D0ED38-61C6-4E2E-8A4F-D8DA540768B6}.Debug|Any CPU.ActiveCfg = Debug|Any CPU
		{74D0ED38-61C6-4E2E-8A4F-D8DA540768B6}.Debug|Any CPU.Build.0 = Debug|Any CPU
		{74D0ED38-61C6-4E2E-8A4F-D8DA540768B6}.Release|Any CPU.ActiveCfg = Release|Any CPU
		{74D0ED38-61C6-4E2E-8A4F-D8DA540768B6}.Release|Any CPU.Build.0 = Release|Any CPU
		{8AC866F8-E6F3-421A-A64D-B6883788702E}.Debug|Any CPU.ActiveCfg = Debug|Any CPU
		{8AC866F8-E6F3-421A-A64D-B6883788702E}.Debug|Any CPU.Build.0 = Debug|Any CPU
		{8AC866F8-E6F3-421A-A64D-B6883788702E}.Release|Any CPU.ActiveCfg = Release|Any CPU
		{8AC866F8-E6F3-421A-A64D-B6883788702E}.Release|Any CPU.Build.0 = Release|Any CPU
		{2176925F-9D83-4C21-AAB2-6A30B2A485AB}.Debug|Any CPU.ActiveCfg = Debug|Any CPU
		{2176925F-9D83-4C21-AAB2-6A30B2A485AB}.Debug|Any CPU.Build.0 = Debug|Any CPU
		{2176925F-9D83-4C21-AAB2-6A30B2A485AB}.Release|Any CPU.ActiveCfg = Release|Any CPU
		{2176925F-9D83-4C21-AAB2-6A30B2A485AB}.Release|Any CPU.Build.0 = Release|Any CPU
	EndGlobalSection
	GlobalSection(SolutionProperties) = preSolution
		HideSolutionNode = FALSE
	EndGlobalSection
	GlobalSection(NestedProjects) = preSolution
		{E2CA537A-0BD0-4BB7-8AE1-187CA13BE6EE} = {7C4CA17D-CB49-4566-9704-5888CF75D23E}
		{7C4CA17D-CB49-4566-9704-5888CF75D23E} = {C2BD131C-A017-41FA-9EF7-841B18C624E8}
		{C8D88C7B-724B-4CFA-8748-D2CE73951202} = {C2BD131C-A017-41FA-9EF7-841B18C624E8}
		{1E80978C-EC5F-4E25-9E9E-C7E1031F6FF2} = {ABA8849D-675E-4B50-8414-77B4B7745DA8}
		{60332FF6-8ECA-4F89-8513-35716596A815} = {ABA8849D-675E-4B50-8414-77B4B7745DA8}
		{1C8B606C-A685-4438-A601-EFA2D577D73F} = {C8D88C7B-724B-4CFA-8748-D2CE73951202}
		{2E10111C-C21A-4B75-B0E0-4DC00E4C8507} = {C8D88C7B-724B-4CFA-8748-D2CE73951202}
		{2D3066DC-77A6-420E-B9DD-A0E3CA1809F5} = {C8D88C7B-724B-4CFA-8748-D2CE73951202}
		{74D0ED38-61C6-4E2E-8A4F-D8DA540768B6} = {C8D88C7B-724B-4CFA-8748-D2CE73951202}
		{8AC866F8-E6F3-421A-A64D-B6883788702E} = {C8D88C7B-724B-4CFA-8748-D2CE73951202}
		{D177216A-1686-43AA-90C6-97DCC0382F25} = {C2BD131C-A017-41FA-9EF7-841B18C624E8}
		{2176925F-9D83-4C21-AAB2-6A30B2A485AB} = {D177216A-1686-43AA-90C6-97DCC0382F25}
	EndGlobalSection
	GlobalSection(ExtensibilityGlobals) = postSolution
		SolutionGuid = {398226B7-149B-47CA-A45E-C17A9E1A7283}
	EndGlobalSection
EndGlobal
