
Microsoft Visual Studio Solution File, Format Version 12.00
# Visual Studio 15
VisualStudioVersion = 15.0.28307.489
MinimumVisualStudioVersion = 10.0.40219.1
Project("{FAE04EC0-301F-11D3-BF4B-00C04F79EFBC}") = "MigracionProduccionCIWebApi", "ProductionApiApplication\MigracionProduccionCIWebApi.csproj", "{705DE51F-DE04-4D63-84AE-E9213C077E44}"
EndProject
Project("{2150E333-8FDC-42A3-9474-1A3956D46DE8}") = "1. Proyectos", "1. Proyectos", "{9B4FBF54-78D9-416D-83B3-C3B2321C1BD3}"
EndProject
Project("{2150E333-8FDC-42A3-9474-1A3956D46DE8}") = "1.1 Portal Web", "1.1 Portal Web", "{52040992-9D4F-4A34-9EAE-CAB0C5E1E5E8}"
EndProject
Project("{2150E333-8FDC-42A3-9474-1A3956D46DE8}") = "1.2 Comunes", "1.2 Comunes", "{4FF2AF05-56B9-48F0-8DF0-18EBE15CF225}"
EndProject
Project("{2150E333-8FDC-42A3-9474-1A3956D46DE8}") = "2. Recursos", "2. Recursos", "{68477D84-CE75-443F-9241-348077D7168A}"
EndProject
Project("{2150E333-8FDC-42A3-9474-1A3956D46DE8}") = "ClavesFirma", "ClavesFirma", "{3656DFCB-3A76-4A2E-AE14-F2DFD834CF16}"
	ProjectSection(SolutionItems) = preProject
		..\COMPILACION\ClavesFirma\Panaceasoft.Produccion.Utils.snk = ..\COMPILACION\ClavesFirma\Panaceasoft.Produccion.Utils.snk
		..\COMPILACION\ClavesFirma\Panaceasoft.Produccion.Web.snk = ..\COMPILACION\ClavesFirma\Panaceasoft.Produccion.Web.snk
	EndProjectSection
EndProject
Project("{2150E333-8FDC-42A3-9474-1A3956D46DE8}") = "Versionamiento", "Versionamiento", "{7BB6A054-9DEE-40ED-8AE8-33E49BECD820}"
	ProjectSection(SolutionItems) = preProject
		..\COMPILACION\Versionamiento\AssemblyVersion.cs = ..\COMPILACION\Versionamiento\AssemblyVersion.cs
	EndProjectSection
EndProject
Global
	GlobalSection(SolutionConfigurationPlatforms) = preSolution
		Debug|Any CPU = Debug|Any CPU
		Release|Any CPU = Release|Any CPU
	EndGlobalSection
	GlobalSection(ProjectConfigurationPlatforms) = postSolution
		{705DE51F-DE04-4D63-84AE-E9213C077E44}.Debug|Any CPU.ActiveCfg = Debug|Any CPU
		{705DE51F-DE04-4D63-84AE-E9213C077E44}.Debug|Any CPU.Build.0 = Debug|Any CPU
		{705DE51F-DE04-4D63-84AE-E9213C077E44}.Release|Any CPU.ActiveCfg = Release|Any CPU
		{705DE51F-DE04-4D63-84AE-E9213C077E44}.Release|Any CPU.Build.0 = Release|Any CPU
	EndGlobalSection
	GlobalSection(SolutionProperties) = preSolution
		HideSolutionNode = FALSE
	EndGlobalSection
	GlobalSection(NestedProjects) = preSolution
		{705DE51F-DE04-4D63-84AE-E9213C077E44} = {52040992-9D4F-4A34-9EAE-CAB0C5E1E5E8}
		{52040992-9D4F-4A34-9EAE-CAB0C5E1E5E8} = {9B4FBF54-78D9-416D-83B3-C3B2321C1BD3}
		{4FF2AF05-56B9-48F0-8DF0-18EBE15CF225} = {9B4FBF54-78D9-416D-83B3-C3B2321C1BD3}
		{3656DFCB-3A76-4A2E-AE14-F2DFD834CF16} = {68477D84-CE75-443F-9241-348077D7168A}
		{7BB6A054-9DEE-40ED-8AE8-33E49BECD820} = {68477D84-CE75-443F-9241-348077D7168A}
	EndGlobalSection
	GlobalSection(ExtensibilityGlobals) = postSolution
		SolutionGuid = {D88F5F5C-C513-40BD-946E-EB43532E44B3}
	EndGlobalSection
	GlobalSection(TeamFoundationVersionControl) = preSolution
		SccNumberOfProjects = 2
		SccEnterpriseProvider = {4CA58AB2-18FA-4F8D-95D4-32DDF27D184C}
		SccTeamFoundationServer = https://produccionpanacea.visualstudio.com/
		SccLocalPath0 = .
		SccProjectUniqueName1 = ProductionApiApplication\\MigracionProduccionCIWebApi.csproj
		SccProjectTopLevelParentUniqueName1 = ProductionApiReplicacion.sln
		SccProjectName1 = ProductionApiApplication
		SccLocalPath1 = ProductionApiApplication
	EndGlobalSection
EndGlobal
