
Microsoft Visual Studio Solution File, Format Version 12.00
# Visual Studio 15
VisualStudioVersion = 15.0.27428.2037
MinimumVisualStudioVersion = 10.0.40219.1
Project("{FAE04EC0-301F-11D3-BF4B-00C04F79EFBC}") = "CAREPLICATEPRODUCTION", "CAREPLICATEPRODUCTION\CAREPLICATEPRODUCTION.csproj", "{F9AC30DE-C272-4B5C-982D-CD7583A4AABC}"
EndProject
Project("{FAE04EC0-301F-11D3-BF4B-00C04F79EFBC}") = "OrigenPersonaProduccion", "OrigenPersonaProduccion\OrigenPersonaProduccion.csproj", "{41B5DC76-4499-4234-99AC-8D69239528FB}"
EndProject
Project("{FAE04EC0-301F-11D3-BF4B-00C04F79EFBC}") = "DestinoPersonaLP", "DestinoPersonaLP\DestinoPersonaLP.csproj", "{DED82226-1E67-4CB5-B155-DBDF8175A80A}"
EndProject
Project("{FAE04EC0-301F-11D3-BF4B-00C04F79EFBC}") = "OrigenListaLP", "OrigenListaLP\OrigenListaLP.csproj", "{33D5B760-D71E-4C28-9681-2C3EEA583325}"
EndProject
Project("{FAE04EC0-301F-11D3-BF4B-00C04F79EFBC}") = "DestinoListaProduccion", "DestinoListaProduccion\DestinoListaProduccion.csproj", "{286F62EE-3FB9-4529-A2CB-E41C4E303BC2}"
EndProject
Project("{FAE04EC0-301F-11D3-BF4B-00C04F79EFBC}") = "OrigenGrupoLP", "OrigenGrupoLP\OrigenGrupoLP.csproj", "{0BB03A7C-1A8E-40A1-B212-4438DAA03660}"
EndProject
Project("{FAE04EC0-301F-11D3-BF4B-00C04F79EFBC}") = "DestinoGrupoProduccion", "DestinoGrupoProduccion\DestinoGrupoProduccion.csproj", "{E60E5B2E-E04E-4882-9BED-30276073504A}"
EndProject
Project("{2150E333-8FDC-42A3-9474-1A3956D46DE8}") = "1. Proyectos", "1. Proyectos", "{F34BC3F9-2990-407F-B2D4-70D765BAF000}"
EndProject
Project("{2150E333-8FDC-42A3-9474-1A3956D46DE8}") = "1.1 Aplicación Principal", "1.1 Aplicación Principal", "{672FF039-1703-4DA9-B76F-18561ADCE9FD}"
EndProject
Project("{2150E333-8FDC-42A3-9474-1A3956D46DE8}") = "1.2 Modelos", "1.2 Modelos", "{F55258AF-BE81-4599-BEDC-5C931189EF30}"
EndProject
Project("{2150E333-8FDC-42A3-9474-1A3956D46DE8}") = "1.3 Comunes", "1.3 Comunes", "{396D264A-826B-494D-8D7C-C542B36F0A66}"
EndProject
Project("{2150E333-8FDC-42A3-9474-1A3956D46DE8}") = "2. Recursos", "2. Recursos", "{ABA8849D-675E-4B50-8414-77B4B7745DA8}"
EndProject
Project("{2150E333-8FDC-42A3-9474-1A3956D46DE8}") = "ClavesFirma", "ClavesFirma", "{1E80978C-EC5F-4E25-9E9E-C7E1031F6FF2}"
	ProjectSection(SolutionItems) = preProject
		..\COMPILACION\ClavesFirma\Panaceasoft.Produccion.Utils.snk = ..\COMPILACION\ClavesFirma\Panaceasoft.Produccion.Utils.snk
		..\COMPILACION\ClavesFirma\Panaceasoft.Produccion.Web.snk = ..\COMPILACION\ClavesFirma\Panaceasoft.Produccion.Web.snk
	EndProjectSection
EndProject
Project("{2150E333-8FDC-42A3-9474-1A3956D46DE8}") = "Versionamiento", "Versionamiento", "{60332FF6-8ECA-4F89-8513-35716596A815}"
	ProjectSection(SolutionItems) = preProject
		..\COMPILACION\Versionamiento\AssemblyVersion.cs = ..\COMPILACION\Versionamiento\AssemblyVersion.cs
	EndProjectSection
EndProject
Project("{FAE04EC0-301F-11D3-BF4B-00C04F79EFBC}") = "Utilitarios", "..\COMUNES\Utilitarios\Utilitarios.csproj", "{2D3066DC-77A6-420E-B9DD-A0E3CA1809F5}"
EndProject
Global
	GlobalSection(SolutionConfigurationPlatforms) = preSolution
		Debug|Any CPU = Debug|Any CPU
		Release|Any CPU = Release|Any CPU
	EndGlobalSection
	GlobalSection(ProjectConfigurationPlatforms) = postSolution
		{F9AC30DE-C272-4B5C-982D-CD7583A4AABC}.Debug|Any CPU.ActiveCfg = Debug|Any CPU
		{F9AC30DE-C272-4B5C-982D-CD7583A4AABC}.Debug|Any CPU.Build.0 = Debug|Any CPU
		{F9AC30DE-C272-4B5C-982D-CD7583A4AABC}.Release|Any CPU.ActiveCfg = Release|Any CPU
		{F9AC30DE-C272-4B5C-982D-CD7583A4AABC}.Release|Any CPU.Build.0 = Release|Any CPU
		{41B5DC76-4499-4234-99AC-8D69239528FB}.Debug|Any CPU.ActiveCfg = Debug|Any CPU
		{41B5DC76-4499-4234-99AC-8D69239528FB}.Debug|Any CPU.Build.0 = Debug|Any CPU
		{41B5DC76-4499-4234-99AC-8D69239528FB}.Release|Any CPU.ActiveCfg = Release|Any CPU
		{41B5DC76-4499-4234-99AC-8D69239528FB}.Release|Any CPU.Build.0 = Release|Any CPU
		{DED82226-1E67-4CB5-B155-DBDF8175A80A}.Debug|Any CPU.ActiveCfg = Debug|Any CPU
		{DED82226-1E67-4CB5-B155-DBDF8175A80A}.Debug|Any CPU.Build.0 = Debug|Any CPU
		{DED82226-1E67-4CB5-B155-DBDF8175A80A}.Release|Any CPU.ActiveCfg = Release|Any CPU
		{DED82226-1E67-4CB5-B155-DBDF8175A80A}.Release|Any CPU.Build.0 = Release|Any CPU
		{33D5B760-D71E-4C28-9681-2C3EEA583325}.Debug|Any CPU.ActiveCfg = Debug|Any CPU
		{33D5B760-D71E-4C28-9681-2C3EEA583325}.Debug|Any CPU.Build.0 = Debug|Any CPU
		{33D5B760-D71E-4C28-9681-2C3EEA583325}.Release|Any CPU.ActiveCfg = Release|Any CPU
		{33D5B760-D71E-4C28-9681-2C3EEA583325}.Release|Any CPU.Build.0 = Release|Any CPU
		{286F62EE-3FB9-4529-A2CB-E41C4E303BC2}.Debug|Any CPU.ActiveCfg = Debug|Any CPU
		{286F62EE-3FB9-4529-A2CB-E41C4E303BC2}.Debug|Any CPU.Build.0 = Debug|Any CPU
		{286F62EE-3FB9-4529-A2CB-E41C4E303BC2}.Release|Any CPU.ActiveCfg = Release|Any CPU
		{286F62EE-3FB9-4529-A2CB-E41C4E303BC2}.Release|Any CPU.Build.0 = Release|Any CPU
		{0BB03A7C-1A8E-40A1-B212-4438DAA03660}.Debug|Any CPU.ActiveCfg = Debug|Any CPU
		{0BB03A7C-1A8E-40A1-B212-4438DAA03660}.Debug|Any CPU.Build.0 = Debug|Any CPU
		{0BB03A7C-1A8E-40A1-B212-4438DAA03660}.Release|Any CPU.ActiveCfg = Release|Any CPU
		{0BB03A7C-1A8E-40A1-B212-4438DAA03660}.Release|Any CPU.Build.0 = Release|Any CPU
		{E60E5B2E-E04E-4882-9BED-30276073504A}.Debug|Any CPU.ActiveCfg = Debug|Any CPU
		{E60E5B2E-E04E-4882-9BED-30276073504A}.Debug|Any CPU.Build.0 = Debug|Any CPU
		{E60E5B2E-E04E-4882-9BED-30276073504A}.Release|Any CPU.ActiveCfg = Release|Any CPU
		{E60E5B2E-E04E-4882-9BED-30276073504A}.Release|Any CPU.Build.0 = Release|Any CPU
		{2D3066DC-77A6-420E-B9DD-A0E3CA1809F5}.Debug|Any CPU.ActiveCfg = Debug|Any CPU
		{2D3066DC-77A6-420E-B9DD-A0E3CA1809F5}.Debug|Any CPU.Build.0 = Debug|Any CPU
		{2D3066DC-77A6-420E-B9DD-A0E3CA1809F5}.Release|Any CPU.ActiveCfg = Release|Any CPU
		{2D3066DC-77A6-420E-B9DD-A0E3CA1809F5}.Release|Any CPU.Build.0 = Release|Any CPU
	EndGlobalSection
	GlobalSection(SolutionProperties) = preSolution
		HideSolutionNode = FALSE
	EndGlobalSection
	GlobalSection(NestedProjects) = preSolution
		{F9AC30DE-C272-4B5C-982D-CD7583A4AABC} = {672FF039-1703-4DA9-B76F-18561ADCE9FD}
		{41B5DC76-4499-4234-99AC-8D69239528FB} = {F55258AF-BE81-4599-BEDC-5C931189EF30}
		{DED82226-1E67-4CB5-B155-DBDF8175A80A} = {F55258AF-BE81-4599-BEDC-5C931189EF30}
		{33D5B760-D71E-4C28-9681-2C3EEA583325} = {F55258AF-BE81-4599-BEDC-5C931189EF30}
		{286F62EE-3FB9-4529-A2CB-E41C4E303BC2} = {F55258AF-BE81-4599-BEDC-5C931189EF30}
		{0BB03A7C-1A8E-40A1-B212-4438DAA03660} = {F55258AF-BE81-4599-BEDC-5C931189EF30}
		{E60E5B2E-E04E-4882-9BED-30276073504A} = {F55258AF-BE81-4599-BEDC-5C931189EF30}
		{672FF039-1703-4DA9-B76F-18561ADCE9FD} = {F34BC3F9-2990-407F-B2D4-70D765BAF000}
		{F55258AF-BE81-4599-BEDC-5C931189EF30} = {F34BC3F9-2990-407F-B2D4-70D765BAF000}
		{396D264A-826B-494D-8D7C-C542B36F0A66} = {F34BC3F9-2990-407F-B2D4-70D765BAF000}
		{1E80978C-EC5F-4E25-9E9E-C7E1031F6FF2} = {ABA8849D-675E-4B50-8414-77B4B7745DA8}
		{60332FF6-8ECA-4F89-8513-35716596A815} = {ABA8849D-675E-4B50-8414-77B4B7745DA8}
		{2D3066DC-77A6-420E-B9DD-A0E3CA1809F5} = {396D264A-826B-494D-8D7C-C542B36F0A66}
	EndGlobalSection
	GlobalSection(ExtensibilityGlobals) = postSolution
		SolutionGuid = {4AD41730-4A8C-4C9E-A951-5DABC9C7AA3D}
	EndGlobalSection
	GlobalSection(TeamFoundationVersionControl) = preSolution
		SccNumberOfProjects = 9
		SccEnterpriseProvider = {4CA58AB2-18FA-4F8D-95D4-32DDF27D184C}
		SccTeamFoundationServer = https://produccionpanacea.visualstudio.com/
		SccLocalPath0 = .
		SccProjectUniqueName1 = CAREPLICATEPRODUCTION\\CAREPLICATEPRODUCTION.csproj
		SccProjectTopLevelParentUniqueName1 = CAREPLICATEPRODUCTION.sln
		SccProjectName1 = CAREPLICATEPRODUCTION
		SccLocalPath1 = CAREPLICATEPRODUCTION
		SccProjectUniqueName2 = DestinoGrupoProduccion\\DestinoGrupoProduccion.csproj
		SccProjectTopLevelParentUniqueName2 = CAREPLICATEPRODUCTION.sln
		SccProjectName2 = DestinoGrupoProduccion
		SccLocalPath2 = DestinoGrupoProduccion
		SccProjectUniqueName3 = DestinoListaProduccion\\DestinoListaProduccion.csproj
		SccProjectTopLevelParentUniqueName3 = CAREPLICATEPRODUCTION.sln
		SccProjectName3 = DestinoListaProduccion
		SccLocalPath3 = DestinoListaProduccion
		SccProjectUniqueName4 = DestinoPersonaLP\\DestinoPersonaLP.csproj
		SccProjectTopLevelParentUniqueName4 = CAREPLICATEPRODUCTION.sln
		SccProjectName4 = DestinoPersonaLP
		SccLocalPath4 = DestinoPersonaLP
		SccProjectUniqueName5 = OrigenGrupoLP\\OrigenGrupoLP.csproj
		SccProjectTopLevelParentUniqueName5 = CAREPLICATEPRODUCTION.sln
		SccProjectName5 = OrigenGrupoLP
		SccLocalPath5 = OrigenGrupoLP
		SccProjectUniqueName6 = OrigenListaLP\\OrigenListaLP.csproj
		SccProjectTopLevelParentUniqueName6 = CAREPLICATEPRODUCTION.sln
		SccProjectName6 = OrigenListaLP
		SccLocalPath6 = OrigenListaLP
		SccProjectUniqueName7 = OrigenPersonaProduccion\\OrigenPersonaProduccion.csproj
		SccProjectTopLevelParentUniqueName7 = CAREPLICATEPRODUCTION.sln
		SccProjectName7 = OrigenPersonaProduccion
		SccLocalPath7 = OrigenPersonaProduccion
		SccProjectUniqueName8 = ..\\COMUNES\\Utilitarios\\Utilitarios.csproj
		SccProjectTopLevelParentUniqueName8 = CAREPLICATEPRODUCTION.sln
		SccProjectName8 = ../COMUNES/Utilitarios
		SccLocalPath8 = ..\\COMUNES\\Utilitarios
	EndGlobalSection
EndGlobal
