
Microsoft Visual Studio Solution File, Format Version 12.00
# Visual Studio 15
VisualStudioVersion = 15.0.27428.2037
MinimumVisualStudioVersion = 10.0.40219.1
Project("{FAE04EC0-301F-11D3-BF4B-00C04F79EFBC}") = "DXPANACEASOFT", "DXPANACEASOFT\DXPANACEASOFT.csproj", "{E2CA537A-0BD0-4BB7-8AE1-187CA13BE6EE}"
	ProjectSection(ProjectDependencies) = postProject
		{147F156E-AEA3-4616-B35F-9EF325B9B9E3} = {147F156E-AEA3-4616-B35F-9EF325B9B9E3}
	EndProjectSection
EndProject
Project("{FAE04EC0-301F-11D3-BF4B-00C04F79EFBC}") = "WSPANACEASOFTPRODUCCION", "WSPANACEASOFTPRODUCCION\WSPANACEASOFTPRODUCCION.csproj", "{147F156E-AEA3-4616-B35F-9EF325B9B9E3}"
EndProject
Project("{FAE04EC0-301F-11D3-BF4B-00C04F79EFBC}") = "DAPANACEAPROD", "DAPANACEAPROD\DAPANACEAPROD.csproj", "{0AE89300-E4BB-483B-B383-CECE5A5F95A7}"
EndProject
Project("{2150E333-8FDC-42A3-9474-1A3956D46DE8}") = "1. Proyectos", "1. Proyectos", "{B8CDB6F0-D72C-4396-981A-AD340D254B46}"
EndProject
Project("{2150E333-8FDC-42A3-9474-1A3956D46DE8}") = "1.1 Portal Web", "1.1 Portal Web", "{009858B8-CDA6-4D73-9F7E-F340E770ECB5}"
EndProject
Project("{2150E333-8FDC-42A3-9474-1A3956D46DE8}") = "1.2 Servicio Web", "1.2 Servicio Web", "{6745B72A-5F7B-4B33-9944-F5EEC82645F5}"
EndProject
Project("{2150E333-8FDC-42A3-9474-1A3956D46DE8}") = "1.3 Modelo de Datos", "1.3 Modelo de Datos", "{134F517C-72B0-4F3F-9E55-AD5AED0C5A20}"
EndProject
Project("{2150E333-8FDC-42A3-9474-1A3956D46DE8}") = "2. Recursos", "2. Recursos", "{56319CBC-DC67-4C97-9EB3-08BBBD0CE264}"
EndProject
Project("{2150E333-8FDC-42A3-9474-1A3956D46DE8}") = "ClavesFirma", "ClavesFirma", "{9447B241-74D6-440A-84D3-F10C65E06435}"
	ProjectSection(SolutionItems) = preProject
		..\COMPILACION\ClavesFirma\Panaceasoft.Produccion.Utils.snk = ..\COMPILACION\ClavesFirma\Panaceasoft.Produccion.Utils.snk
		..\COMPILACION\ClavesFirma\Panaceasoft.Produccion.Web.snk = ..\COMPILACION\ClavesFirma\Panaceasoft.Produccion.Web.snk
	EndProjectSection
EndProject
Project("{2150E333-8FDC-42A3-9474-1A3956D46DE8}") = "Versionamiento", "Versionamiento", "{F1EF5434-938B-466B-966F-F5873205FD48}"
	ProjectSection(SolutionItems) = preProject
		..\COMPILACION\Versionamiento\AssemblyVersion.cs = ..\COMPILACION\Versionamiento\AssemblyVersion.cs
	EndProjectSection
EndProject
Project("{2150E333-8FDC-42A3-9474-1A3956D46DE8}") = "1.4 Comunes", "1.4 Comunes", "{48424982-FDAF-4A51-ABFC-3E9B2406005F}"
EndProject
Project("{FAE04EC0-301F-11D3-BF4B-00C04F79EFBC}") = "AccesoDatos", "..\COMUNES\AccesoDatos\AccesoDatos.csproj", "{1C8B606C-A685-4438-A601-EFA2D577D73F}"
EndProject
Project("{FAE04EC0-301F-11D3-BF4B-00C04F79EFBC}") = "EntidadesAuxiliares", "..\COMUNES\EntidadesAuxiliares\EntidadesAuxiliares.csproj", "{2E10111C-C21A-4B75-B0E0-4DC00E4C8507}"
EndProject
Project("{FAE04EC0-301F-11D3-BF4B-00C04F79EFBC}") = "Utilitarios", "..\COMUNES\Utilitarios\Utilitarios.csproj", "{2D3066DC-77A6-420E-B9DD-A0E3CA1809F5}"
EndProject
Global
	GlobalSection(SolutionConfigurationPlatforms) = preSolution
		Debug|Any CPU = Debug|Any CPU
		Release|Any CPU = Release|Any CPU
	EndGlobalSection
	GlobalSection(ProjectConfigurationPlatforms) = postSolution
		{E2CA537A-0BD0-4BB7-8AE1-187CA13BE6EE}.Debug|Any CPU.ActiveCfg = Debug|Any CPU
		{E2CA537A-0BD0-4BB7-8AE1-187CA13BE6EE}.Debug|Any CPU.Build.0 = Debug|Any CPU
		{E2CA537A-0BD0-4BB7-8AE1-187CA13BE6EE}.Release|Any CPU.ActiveCfg = Release|Any CPU
		{E2CA537A-0BD0-4BB7-8AE1-187CA13BE6EE}.Release|Any CPU.Build.0 = Release|Any CPU
		{147F156E-AEA3-4616-B35F-9EF325B9B9E3}.Debug|Any CPU.ActiveCfg = Debug|Any CPU
		{147F156E-AEA3-4616-B35F-9EF325B9B9E3}.Debug|Any CPU.Build.0 = Debug|Any CPU
		{147F156E-AEA3-4616-B35F-9EF325B9B9E3}.Release|Any CPU.ActiveCfg = Release|Any CPU
		{147F156E-AEA3-4616-B35F-9EF325B9B9E3}.Release|Any CPU.Build.0 = Release|Any CPU
		{0AE89300-E4BB-483B-B383-CECE5A5F95A7}.Debug|Any CPU.ActiveCfg = Debug|Any CPU
		{0AE89300-E4BB-483B-B383-CECE5A5F95A7}.Debug|Any CPU.Build.0 = Debug|Any CPU
		{0AE89300-E4BB-483B-B383-CECE5A5F95A7}.Release|Any CPU.ActiveCfg = Release|Any CPU
		{0AE89300-E4BB-483B-B383-CECE5A5F95A7}.Release|Any CPU.Build.0 = Release|Any CPU
		{1C8B606C-A685-4438-A601-EFA2D577D73F}.Debug|Any CPU.ActiveCfg = Debug|Any CPU
		{1C8B606C-A685-4438-A601-EFA2D577D73F}.Debug|Any CPU.Build.0 = Debug|Any CPU
		{1C8B606C-A685-4438-A601-EFA2D577D73F}.Release|Any CPU.ActiveCfg = Release|Any CPU
		{1C8B606C-A685-4438-A601-EFA2D577D73F}.Release|Any CPU.Build.0 = Release|Any CPU
		{2E10111C-C21A-4B75-B0E0-4DC00E4C8507}.Debug|Any CPU.ActiveCfg = Debug|Any CPU
		{2E10111C-C21A-4B75-B0E0-4DC00E4C8507}.Debug|Any CPU.Build.0 = Debug|Any CPU
		{2E10111C-C21A-4B75-B0E0-4DC00E4C8507}.Release|Any CPU.ActiveCfg = Release|Any CPU
		{2E10111C-C21A-4B75-B0E0-4DC00E4C8507}.Release|Any CPU.Build.0 = Release|Any CPU
		{2D3066DC-77A6-420E-B9DD-A0E3CA1809F5}.Debug|Any CPU.ActiveCfg = Debug|Any CPU
		{2D3066DC-77A6-420E-B9DD-A0E3CA1809F5}.Debug|Any CPU.Build.0 = Debug|Any CPU
		{2D3066DC-77A6-420E-B9DD-A0E3CA1809F5}.Release|Any CPU.ActiveCfg = Release|Any CPU
		{2D3066DC-77A6-420E-B9DD-A0E3CA1809F5}.Release|Any CPU.Build.0 = Release|Any CPU
	EndGlobalSection
	GlobalSection(SolutionProperties) = preSolution
		HideSolutionNode = FALSE
	EndGlobalSection
	GlobalSection(NestedProjects) = preSolution
		{E2CA537A-0BD0-4BB7-8AE1-187CA13BE6EE} = {009858B8-CDA6-4D73-9F7E-F340E770ECB5}
		{147F156E-AEA3-4616-B35F-9EF325B9B9E3} = {6745B72A-5F7B-4B33-9944-F5EEC82645F5}
		{0AE89300-E4BB-483B-B383-CECE5A5F95A7} = {134F517C-72B0-4F3F-9E55-AD5AED0C5A20}
		{009858B8-CDA6-4D73-9F7E-F340E770ECB5} = {B8CDB6F0-D72C-4396-981A-AD340D254B46}
		{6745B72A-5F7B-4B33-9944-F5EEC82645F5} = {B8CDB6F0-D72C-4396-981A-AD340D254B46}
		{134F517C-72B0-4F3F-9E55-AD5AED0C5A20} = {B8CDB6F0-D72C-4396-981A-AD340D254B46}
		{9447B241-74D6-440A-84D3-F10C65E06435} = {56319CBC-DC67-4C97-9EB3-08BBBD0CE264}
		{F1EF5434-938B-466B-966F-F5873205FD48} = {56319CBC-DC67-4C97-9EB3-08BBBD0CE264}
		{48424982-FDAF-4A51-ABFC-3E9B2406005F} = {B8CDB6F0-D72C-4396-981A-AD340D254B46}
		{1C8B606C-A685-4438-A601-EFA2D577D73F} = {48424982-FDAF-4A51-ABFC-3E9B2406005F}
		{2E10111C-C21A-4B75-B0E0-4DC00E4C8507} = {48424982-FDAF-4A51-ABFC-3E9B2406005F}
		{2D3066DC-77A6-420E-B9DD-A0E3CA1809F5} = {48424982-FDAF-4A51-ABFC-3E9B2406005F}
	EndGlobalSection
	GlobalSection(ExtensibilityGlobals) = postSolution
		SolutionGuid = {26B142CD-DE3A-46D9-8A3A-00E302957820}
	EndGlobalSection
	GlobalSection(TeamFoundationVersionControl) = preSolution
		SccNumberOfProjects = 7
		SccEnterpriseProvider = {4CA58AB2-18FA-4F8D-95D4-32DDF27D184C}
		SccTeamFoundationServer = https://produccionpanacea.visualstudio.com/
		SccLocalPath0 = .
		SccProjectUniqueName1 = DAPANACEAPROD\\DAPANACEAPROD.csproj
		SccProjectTopLevelParentUniqueName1 = DXPANACEASOFT.sln
		SccProjectName1 = DAPANACEAPROD
		SccLocalPath1 = DAPANACEAPROD
		SccProjectUniqueName2 = DXPANACEASOFT\\DXPANACEASOFT.csproj
		SccProjectTopLevelParentUniqueName2 = DXPANACEASOFT.sln
		SccProjectName2 = DXPANACEASOFT
		SccLocalPath2 = DXPANACEASOFT
		SccProjectUniqueName3 = WSPANACEASOFTPRODUCCION\\WSPANACEASOFTPRODUCCION.csproj
		SccProjectTopLevelParentUniqueName3 = DXPANACEASOFT.sln
		SccProjectName3 = WSPANACEASOFTPRODUCCION
		SccLocalPath3 = WSPANACEASOFTPRODUCCION
		SccProjectUniqueName4 = ..\\COMUNES\\AccesoDatos\\AccesoDatos.csproj
		SccProjectTopLevelParentUniqueName4 = DXPANACEASOFT.sln
		SccProjectName4 = ../COMUNES/AccesoDatos
		SccLocalPath4 = ..\\COMUNES\\AccesoDatos
		SccProjectUniqueName5 = ..\\COMUNES\\EntidadesAuxiliares\\EntidadesAuxiliares.csproj
		SccProjectTopLevelParentUniqueName5 = DXPANACEASOFT.sln
		SccProjectName5 = ../COMUNES/EntidadesAuxiliares
		SccLocalPath5 = ..\\COMUNES\\EntidadesAuxiliares
		SccProjectUniqueName6 = ..\\COMUNES\\Utilitarios\\Utilitarios.csproj
		SccProjectTopLevelParentUniqueName6 = DXPANACEASOFT.sln
		SccProjectName6 = ../COMUNES/Utilitarios
		SccLocalPath6 = ..\\COMUNES\\Utilitarios
	EndGlobalSection
EndGlobal
